
Microsoft Visual Studio Solution File, Format Version 12.00
# Visual Studio 14
VisualStudioVersion = 14.0.23107.0
MinimumVisualStudioVersion = 10.0.40219.1
Project("{FAE04EC0-301F-11D3-BF4B-00C04F79EFBC}") = "Unicorn", "src\Unicorn\Unicorn.csproj", "{82C4441B-E11E-4601-B6B7-C5AD71B2AB70}"
EndProject
Project("{FAE04EC0-301F-11D3-BF4B-00C04F79EFBC}") = "Unicorn.Tests", "src\Unicorn.Tests\Unicorn.Tests.csproj", "{7E03DC10-5D06-4173-89CA-2AEFBA4FAD55}"
EndProject
Project("{FAE04EC0-301F-11D3-BF4B-00C04F79EFBC}") = "Rainbow", "..\Rainbow\src\Rainbow\Rainbow.csproj", "{8FF75C8B-2A9E-4D95-91AD-333071813199}"
EndProject
Project("{FAE04EC0-301F-11D3-BF4B-00C04F79EFBC}") = "Rainbow.Storage.Sc", "..\Rainbow\src\Rainbow.Storage.Sc\Rainbow.Storage.Sc.csproj", "{956AFE8B-51CD-4D61-B8C1-BFFDC749FD82}"
EndProject
Project("{FAE04EC0-301F-11D3-BF4B-00C04F79EFBC}") = "Rainbow.Storage.Yaml", "..\Rainbow\src\Rainbow.Storage.Yaml\Rainbow.Storage.Yaml.csproj", "{371181C9-45DC-4885-8894-43FFC235D124}"
EndProject
Global
	GlobalSection(SolutionConfigurationPlatforms) = preSolution
		Debug|Any CPU = Debug|Any CPU
		Release|Any CPU = Release|Any CPU
	EndGlobalSection
	GlobalSection(ProjectConfigurationPlatforms) = postSolution
		{82C4441B-E11E-4601-B6B7-C5AD71B2AB70}.Debug|Any CPU.ActiveCfg = Debug|Any CPU
		{82C4441B-E11E-4601-B6B7-C5AD71B2AB70}.Debug|Any CPU.Build.0 = Debug|Any CPU
		{82C4441B-E11E-4601-B6B7-C5AD71B2AB70}.Release|Any CPU.ActiveCfg = Release|Any CPU
		{82C4441B-E11E-4601-B6B7-C5AD71B2AB70}.Release|Any CPU.Build.0 = Release|Any CPU
		{7E03DC10-5D06-4173-89CA-2AEFBA4FAD55}.Debug|Any CPU.ActiveCfg = Debug|Any CPU
		{7E03DC10-5D06-4173-89CA-2AEFBA4FAD55}.Release|Any CPU.ActiveCfg = Release|Any CPU
		{7E03DC10-5D06-4173-89CA-2AEFBA4FAD55}.Release|Any CPU.Build.0 = Release|Any CPU
		{8FF75C8B-2A9E-4D95-91AD-333071813199}.Debug|Any CPU.ActiveCfg = Debug|Any CPU
		{8FF75C8B-2A9E-4D95-91AD-333071813199}.Debug|Any CPU.Build.0 = Debug|Any CPU
		{8FF75C8B-2A9E-4D95-91AD-333071813199}.Release|Any CPU.ActiveCfg = Release|Any CPU
		{8FF75C8B-2A9E-4D95-91AD-333071813199}.Release|Any CPU.Build.0 = Release|Any CPU
		{956AFE8B-51CD-4D61-B8C1-BFFDC749FD82}.Debug|Any CPU.ActiveCfg = Debug|Any CPU
		{956AFE8B-51CD-4D61-B8C1-BFFDC749FD82}.Debug|Any CPU.Build.0 = Debug|Any CPU
		{956AFE8B-51CD-4D61-B8C1-BFFDC749FD82}.Release|Any CPU.ActiveCfg = Release|Any CPU
		{956AFE8B-51CD-4D61-B8C1-BFFDC749FD82}.Release|Any CPU.Build.0 = Release|Any CPU
		{371181C9-45DC-4885-8894-43FFC235D124}.Debug|Any CPU.ActiveCfg = Debug|Any CPU
		{371181C9-45DC-4885-8894-43FFC235D124}.Debug|Any CPU.Build.0 = Debug|Any CPU
		{371181C9-45DC-4885-8894-43FFC235D124}.Release|Any CPU.ActiveCfg = Release|Any CPU
		{371181C9-45DC-4885-8894-43FFC235D124}.Release|Any CPU.Build.0 = Release|Any CPU
	EndGlobalSection
	GlobalSection(SolutionProperties) = preSolution
		HideSolutionNode = FALSE
	EndGlobalSection
EndGlobal
